
Microsoft Visual Studio Solution File, Format Version 12.00
# Visual Studio Version 17
VisualStudioVersion = 17.8.34408.163
MinimumVisualStudioVersion = 10.0.40219.1
Project("{8BC9CEB8-8B4A-11D0-8D11-00A0C91BC942}") = "Rock-Paper-Scissors", "Rock-Paper-Scissors\Rock-Paper-Scissors.vcxproj", "{BB88CB93-5FC9-45CF-ADB9-0387A138B1CB}"
EndProject
Project("{8BC9CEB8-8B4A-11D0-8D11-00A0C91BC942}") = "UnitTests", "UnitTests\UnitTests.vcxproj", "{20DCFA01-0CCD-4980-959D-6DB561D1F8AF}"
EndProject
Global
	GlobalSection(SolutionConfigurationPlatforms) = preSolution
		Debug|x64 = Debug|x64
		Debug|x86 = Debug|x86
		Release|x64 = Release|x64
		Release|x86 = Release|x86
	EndGlobalSection
	GlobalSection(ProjectConfigurationPlatforms) = postSolution
		{BB88CB93-5FC9-45CF-ADB9-0387A138B1CB}.Debug|x64.ActiveCfg = Debug|x64
		{BB88CB93-5FC9-45CF-ADB9-0387A138B1CB}.Debug|x64.Build.0 = Debug|x64
		{BB88CB93-5FC9-45CF-ADB9-0387A138B1CB}.Debug|x86.ActiveCfg = Debug|Win32
		{BB88CB93-5FC9-45CF-ADB9-0387A138B1CB}.Debug|x86.Build.0 = Debug|Win32
		{BB88CB93-5FC9-45CF-ADB9-0387A138B1CB}.Release|x64.ActiveCfg = Release|x64
		{BB88CB93-5FC9-45CF-ADB9-0387A138B1CB}.Release|x64.Build.0 = Release|x64
		{BB88CB93-5FC9-45CF-ADB9-0387A138B1CB}.Release|x86.ActiveCfg = Release|Win32
		{BB88CB93-5FC9-45CF-ADB9-0387A138B1CB}.Release|x86.Build.0 = Release|Win32
		{20DCFA01-0CCD-4980-959D-6DB561D1F8AF}.Debug|x64.ActiveCfg = Debug|x64
		{20DCFA01-0CCD-4980-959D-6DB561D1F8AF}.Debug|x64.Build.0 = Debug|x64
		{20DCFA01-0CCD-4980-959D-6DB561D1F8AF}.Debug|x86.ActiveCfg = Debug|Win32
		{20DCFA01-0CCD-4980-959D-6DB561D1F8AF}.Debug|x86.Build.0 = Debug|Win32
		{20DCFA01-0CCD-4980-959D-6DB561D1F8AF}.Release|x64.ActiveCfg = Release|x64
		{20DCFA01-0CCD-4980-959D-6DB561D1F8AF}.Release|x64.Build.0 = Release|x64
		{20DCFA01-0CCD-4980-959D-6DB561D1F8AF}.Release|x86.ActiveCfg = Release|Win32
		{20DCFA01-0CCD-4980-959D-6DB561D1F8AF}.Release|x86.Build.0 = Release|Win32
	EndGlobalSection
	GlobalSection(SolutionProperties) = preSolution
		HideSolutionNode = FALSE
	EndGlobalSection
	GlobalSection(ExtensibilityGlobals) = postSolution
		SolutionGuid = {EF938692-D008-4347-A474-E21F9B50312D}
	EndGlobalSection
EndGlobal
